
Microsoft Visual Studio Solution File, Format Version 12.00
# Visual Studio Version 17
VisualStudioVersion = 17.6.33815.320
MinimumVisualStudioVersion = 10.0.40219.1
Project("{9A19103F-16F7-4668-BE54-9A1E7A4F7556}") = "Sample_lab_exam", "Sample_lab_exam\Sample_lab_exam.csproj", "{BAC09C76-DF40-4DA8-BEEB-114F795A9434}"
EndProject
Project("{FAE04EC0-301F-11D3-BF4B-00C04F79EFBC}") = "LabExamSample1", "LabExamSample1\LabExamSample1.csproj", "{6DF42CAB-0FE8-4378-A665-7081EB7FC0CA}"
EndProject
Global
	GlobalSection(SolutionConfigurationPlatforms) = preSolution
		Debug|Any CPU = Debug|Any CPU
		Release|Any CPU = Release|Any CPU
	EndGlobalSection
	GlobalSection(ProjectConfigurationPlatforms) = postSolution
		{BAC09C76-DF40-4DA8-BEEB-114F795A9434}.Debug|Any CPU.ActiveCfg = Debug|Any CPU
		{BAC09C76-DF40-4DA8-BEEB-114F795A9434}.Debug|Any CPU.Build.0 = Debug|Any CPU
		{BAC09C76-DF40-4DA8-BEEB-114F795A9434}.Release|Any CPU.ActiveCfg = Release|Any CPU
		{BAC09C76-DF40-4DA8-BEEB-114F795A9434}.Release|Any CPU.Build.0 = Release|Any CPU
		{6DF42CAB-0FE8-4378-A665-7081EB7FC0CA}.Debug|Any CPU.ActiveCfg = Debug|Any CPU
		{6DF42CAB-0FE8-4378-A665-7081EB7FC0CA}.Debug|Any CPU.Build.0 = Debug|Any CPU
		{6DF42CAB-0FE8-4378-A665-7081EB7FC0CA}.Release|Any CPU.ActiveCfg = Release|Any CPU
		{6DF42CAB-0FE8-4378-A665-7081EB7FC0CA}.Release|Any CPU.Build.0 = Release|Any CPU
	EndGlobalSection
	GlobalSection(SolutionProperties) = preSolution
		HideSolutionNode = FALSE
	EndGlobalSection
	GlobalSection(ExtensibilityGlobals) = postSolution
		SolutionGuid = {47BBE197-C270-467F-88E9-0873CA673CCF}
	EndGlobalSection
EndGlobal
